
Microsoft Visual Studio Solution File, Format Version 12.00
# Visual Studio Version 17
VisualStudioVersion = 17.14.36518.9 d17.14
MinimumVisualStudioVersion = 10.0.40219.1
Project("{8BC9CEB8-8B4A-11D0-8D11-00A0C91BC942}") = "Cinema.app", "CinemaProject.vcxproj", "{F8DB4276-8FA1-4816-AD8E-C4D9D018B252}"
EndProject
Project("{8BC9CEB8-8B4A-11D0-8D11-00A0C91BC942}") = "cinema. services", "..\Static library\Static library.vcxproj", "{A308B36F-080D-432A-AFCC-E0D87BF0DCBC}"
EndProject
Project("{8BC9CEB8-8B4A-11D0-8D11-00A0C91BC942}") = "cinema.style", "..\cinema.style\cinema.style.vcxproj", "{47013164-6CDC-476B-95D9-7D0A0A301C51}"
EndProject
Global
	GlobalSection(SolutionConfigurationPlatforms) = preSolution
		Debug|x64 = Debug|x64
		Debug|x86 = Debug|x86
		Release|x64 = Release|x64
		Release|x86 = Release|x86
	EndGlobalSection
	GlobalSection(ProjectConfigurationPlatforms) = postSolution
		{F8DB4276-8FA1-4816-AD8E-C4D9D018B252}.Debug|x64.ActiveCfg = Debug|x64
		{F8DB4276-8FA1-4816-AD8E-C4D9D018B252}.Debug|x64.Build.0 = Debug|x64
		{F8DB4276-8FA1-4816-AD8E-C4D9D018B252}.Debug|x86.ActiveCfg = Debug|Win32
		{F8DB4276-8FA1-4816-AD8E-C4D9D018B252}.Debug|x86.Build.0 = Debug|Win32
		{F8DB4276-8FA1-4816-AD8E-C4D9D018B252}.Release|x64.ActiveCfg = Release|x64
		{F8DB4276-8FA1-4816-AD8E-C4D9D018B252}.Release|x64.Build.0 = Release|x64
		{F8DB4276-8FA1-4816-AD8E-C4D9D018B252}.Release|x86.ActiveCfg = Release|Win32
		{F8DB4276-8FA1-4816-AD8E-C4D9D018B252}.Release|x86.Build.0 = Release|Win32
		{A308B36F-080D-432A-AFCC-E0D87BF0DCBC}.Debug|x64.ActiveCfg = Debug|x64
		{A308B36F-080D-432A-AFCC-E0D87BF0DCBC}.Debug|x64.Build.0 = Debug|x64
		{A308B36F-080D-432A-AFCC-E0D87BF0DCBC}.Debug|x86.ActiveCfg = Debug|Win32
		{A308B36F-080D-432A-AFCC-E0D87BF0DCBC}.Debug|x86.Build.0 = Debug|Win32
		{A308B36F-080D-432A-AFCC-E0D87BF0DCBC}.Release|x64.ActiveCfg = Release|x64
		{A308B36F-080D-432A-AFCC-E0D87BF0DCBC}.Release|x64.Build.0 = Release|x64
		{A308B36F-080D-432A-AFCC-E0D87BF0DCBC}.Release|x86.ActiveCfg = Release|Win32
		{A308B36F-080D-432A-AFCC-E0D87BF0DCBC}.Release|x86.Build.0 = Release|Win32
		{47013164-6CDC-476B-95D9-7D0A0A301C51}.Debug|x64.ActiveCfg = Debug|x64
		{47013164-6CDC-476B-95D9-7D0A0A301C51}.Debug|x64.Build.0 = Debug|x64
		{47013164-6CDC-476B-95D9-7D0A0A301C51}.Debug|x86.ActiveCfg = Debug|Win32
		{47013164-6CDC-476B-95D9-7D0A0A301C51}.Debug|x86.Build.0 = Debug|Win32
		{47013164-6CDC-476B-95D9-7D0A0A301C51}.Release|x64.ActiveCfg = Release|x64
		{47013164-6CDC-476B-95D9-7D0A0A301C51}.Release|x64.Build.0 = Release|x64
		{47013164-6CDC-476B-95D9-7D0A0A301C51}.Release|x86.ActiveCfg = Release|Win32
		{47013164-6CDC-476B-95D9-7D0A0A301C51}.Release|x86.Build.0 = Release|Win32
	EndGlobalSection
	GlobalSection(SolutionProperties) = preSolution
		HideSolutionNode = FALSE
	EndGlobalSection
	GlobalSection(ExtensibilityGlobals) = postSolution
		SolutionGuid = {A8122CE9-432E-46BB-8AE4-5FF7D5AFF39C}
	EndGlobalSection
EndGlobal
